
Microsoft Visual Studio Solution File, Format Version 12.00
# Visual Studio 2017
Project("{FAE04EC0-301F-11D3-BF4B-00C04F79EFBC}") = "Wiggle test", "Wiggle test.csproj", "{81A4792A-1137-B366-1412-93C37D29D5D5}"
EndProject
Global
	GlobalSection(SolutionConfigurationPlatforms) = preSolution
		Debug|Any CPU = Debug|Any CPU
		Release|Any CPU = Release|Any CPU
	EndGlobalSection
	GlobalSection(ProjectConfigurationPlatforms) = postSolution
		{81A4792A-1137-B366-1412-93C37D29D5D5}.Debug|Any CPU.ActiveCfg = Debug|Any CPU
		{81A4792A-1137-B366-1412-93C37D29D5D5}.Debug|Any CPU.Build.0 = Debug|Any CPU
		{81A4792A-1137-B366-1412-93C37D29D5D5}.Release|Any CPU.ActiveCfg = Release|Any CPU
		{81A4792A-1137-B366-1412-93C37D29D5D5}.Release|Any CPU.Build.0 = Release|Any CPU
	EndGlobalSection
	GlobalSection(SolutionProperties) = preSolution
		HideSolutionNode = FALSE
	EndGlobalSection
EndGlobal
